// !$*UTF8*$!
{
	archiveVersion = 1;
	classes = {
	};
	objectVersion = 45;
	objects = {

/* Begin PBXBuildFile section */
		E013E2A81110C04D0008A2B1 /* lcl.m in Sources */ = {isa = PBXBuildFile; fileRef = E013E2A71110C04D0008A2B1 /* lcl.m */; };
		E028D1511110C463003392A8 /* LCLLogFile.m in Sources */ = {isa = PBXBuildFile; fileRef = E028D1501110C463003392A8 /* LCLLogFile.m */; };
		E02B7EBC1110BD430057A5FC /* main.m in Sources */ = {isa = PBXBuildFile; fileRef = E02B7EBB1110BD430057A5FC /* main.m */; };
/* End PBXBuildFile section */

/* Begin PBXFileReference section */
		E013E2A41110C04D0008A2B1 /* lcl_config_components.template.h */ = {isa = PBXFileReference; fileEncoding = 4; lastKnownFileType = sourcecode.c.h; name = lcl_config_components.template.h; path = "LibComponentLogging-Core/lcl_config_components.template.h"; sourceTree = "<group>"; };
		E013E2A51110C04D0008A2B1 /* lcl_config_logger.template.h */ = {isa = PBXFileReference; fileEncoding = 4; lastKnownFileType = sourcecode.c.h; name = lcl_config_logger.template.h; path = "LibComponentLogging-Core/lcl_config_logger.template.h"; sourceTree = "<group>"; };
		E013E2A61110C04D0008A2B1 /* lcl.h */ = {isa = PBXFileReference; fileEncoding = 4; lastKnownFileType = sourcecode.c.h; name = lcl.h; path = "LibComponentLogging-Core/lcl.h"; sourceTree = "<group>"; };
		E013E2A71110C04D0008A2B1 /* lcl.m */ = {isa = PBXFileReference; fileEncoding = 4; lastKnownFileType = sourcecode.c.objc; name = lcl.m; path = "LibComponentLogging-Core/lcl.m"; sourceTree = "<group>"; };
		E028D14F1110C463003392A8 /* LCLLogFile.h */ = {isa = PBXFileReference; fileEncoding = 4; lastKnownFileType = sourcecode.c.h; name = LCLLogFile.h; path = "LibComponentLogging-LogFile/LCLLogFile.h"; sourceTree = "<group>"; };
		E028D1501110C463003392A8 /* LCLLogFile.m */ = {isa = PBXFileReference; fileEncoding = 4; lastKnownFileType = sourcecode.c.objc; name = LCLLogFile.m; path = "LibComponentLogging-LogFile/LCLLogFile.m"; sourceTree = "<group>"; };
		E02B7EB51110BD210057A5FC /* ExampleApp */ = {isa = PBXFileReference; explicitFileType = "compiled.mach-o.executable"; includeInIndex = 0; path = ExampleApp; sourceTree = BUILT_PRODUCTS_DIR; };
		E02B7EBB1110BD430057A5FC /* main.m */ = {isa = PBXFileReference; fileEncoding = 4; lastKnownFileType = sourcecode.c.objc; path = main.m; sourceTree = "<group>"; };
		E02B7ED71110BE380057A5FC /* ExampleApp_Prefix.pch */ = {isa = PBXFileReference; fileEncoding = 4; lastKnownFileType = sourcecode.c.h; path = ExampleApp_Prefix.pch; sourceTree = "<group>"; };
		E0BDC4C5111A24FC00AE81B5 /* lcl_config_extensions.template.h */ = {isa = PBXFileReference; fileEncoding = 4; lastKnownFileType = sourcecode.c.h; name = lcl_config_extensions.template.h; path = "LibComponentLogging-Core/lcl_config_extensions.template.h"; sourceTree = "<group>"; };
		E0BDC4C6111A250C00AE81B5 /* README.md */ = {isa = PBXFileReference; fileEncoding = 4; lastKnownFileType = text; name = README.md; path = "LibComponentLogging-Core/README.md"; sourceTree = "<group>"; };
		E0BDC4D3111A254700AE81B5 /* lcl_config_extensions.h */ = {isa = PBXFileReference; fileEncoding = 4; lastKnownFileType = sourcecode.c.h; path = lcl_config_extensions.h; sourceTree = "<group>"; };
		E0E23BD91110C0AE0060E588 /* lcl_config_components.h */ = {isa = PBXFileReference; fileEncoding = 4; lastKnownFileType = sourcecode.c.h; path = lcl_config_components.h; sourceTree = "<group>"; };
		E0E23BDA1110C0CA0060E588 /* lcl_config_logger.h */ = {isa = PBXFileReference; fileEncoding = 4; lastKnownFileType = sourcecode.c.h; path = lcl_config_logger.h; sourceTree = "<group>"; };
/* End PBXFileReference section */

/* Begin PBXFrameworksBuildPhase section */
		E02B7EB31110BD210057A5FC /* Frameworks */ = {
			isa = PBXFrameworksBuildPhase;
			buildActionMask = 2147483647;
			files = (
			);
			runOnlyForDeploymentPostprocessing = 0;
		};
/* End PBXFrameworksBuildPhase section */

/* Begin PBXGroup section */
		29B97314FDCFA39411CA2CEA /* LogFile */ = {
			isa = PBXGroup;
			children = (
				E013E2A31110C03C0008A2B1 /* LibComponentLogging-Core */,
				E028D14D1110C451003392A8 /* LibComponentLogging-LogFile */,
				E02B7ED71110BE380057A5FC /* ExampleApp_Prefix.pch */,
				E0E23BD91110C0AE0060E588 /* lcl_config_components.h */,
				E0E23BDA1110C0CA0060E588 /* lcl_config_logger.h */,
				E0BDC4D3111A254700AE81B5 /* lcl_config_extensions.h */,
				E02B7EBB1110BD430057A5FC /* main.m */,
				E02B7EE51110BE4C0057A5FC /* Products */,
			);
			name = LogFile;
			sourceTree = "<group>";
		};
		E013E2A31110C03C0008A2B1 /* LibComponentLogging-Core */ = {
			isa = PBXGroup;
			children = (
				E0BDC4C6111A250C00AE81B5 /* README.md */,
				E013E2A61110C04D0008A2B1 /* lcl.h */,
				E013E2A71110C04D0008A2B1 /* lcl.m */,
				E013E2A41110C04D0008A2B1 /* lcl_config_components.template.h */,
				E013E2A51110C04D0008A2B1 /* lcl_config_logger.template.h */,
				E0BDC4C5111A24FC00AE81B5 /* lcl_config_extensions.template.h */,
			);
			name = "LibComponentLogging-Core";
			sourceTree = "<group>";
		};
		E028D14D1110C451003392A8 /* LibComponentLogging-LogFile */ = {
			isa = PBXGroup;
			children = (
				E028D14F1110C463003392A8 /* LCLLogFile.h */,
				E028D1501110C463003392A8 /* LCLLogFile.m */,
			);
			name = "LibComponentLogging-LogFile";
			sourceTree = "<group>";
		};
		E02B7EE51110BE4C0057A5FC /* Products */ = {
			isa = PBXGroup;
			children = (
				E02B7EB51110BD210057A5FC /* ExampleApp */,
			);
			name = Products;
			sourceTree = "<group>";
		};
/* End PBXGroup section */

/* Begin PBXNativeTarget section */
		E02B7EB41110BD210057A5FC /* ExampleApp */ = {
			isa = PBXNativeTarget;
			buildConfigurationList = E02B7EBD1110BD430057A5FC /* Build configuration list for PBXNativeTarget "ExampleApp" */;
			buildPhases = (
				E02B7EB21110BD210057A5FC /* Sources */,
				E02B7EB31110BD210057A5FC /* Frameworks */,
			);
			buildRules = (
			);
			dependencies = (
			);
			name = ExampleApp;
			productName = ExampleApp;
			productReference = E02B7EB51110BD210057A5FC /* ExampleApp */;
			productType = "com.apple.product-type.tool";
		};
/* End PBXNativeTarget section */

/* Begin PBXProject section */
		29B97313FDCFA39411CA2CEA /* Project object */ = {
			isa = PBXProject;
			buildConfigurationList = C01FCF4E08A954540054247B /* Build configuration list for PBXProject "LibComponentLogging-LogFile-Example" */;
			compatibilityVersion = "Xcode 3.1";
			hasScannedForEncodings = 1;
			mainGroup = 29B97314FDCFA39411CA2CEA /* LogFile */;
			productRefGroup = 29B97314FDCFA39411CA2CEA /* LogFile */;
			projectDirPath = "";
			projectRoot = "";
			targets = (
				E02B7EB41110BD210057A5FC /* ExampleApp */,
			);
		};
/* End PBXProject section */

/* Begin PBXSourcesBuildPhase section */
		E02B7EB21110BD210057A5FC /* Sources */ = {
			isa = PBXSourcesBuildPhase;
			buildActionMask = 2147483647;
			files = (
				E02B7EBC1110BD430057A5FC /* main.m in Sources */,
				E013E2A81110C04D0008A2B1 /* lcl.m in Sources */,
				E028D1511110C463003392A8 /* LCLLogFile.m in Sources */,
			);
			runOnlyForDeploymentPostprocessing = 0;
		};
/* End PBXSourcesBuildPhase section */

/* Begin XCBuildConfiguration section */
		C01FCF4F08A954540054247B /* Debug */ = {
			isa = XCBuildConfiguration;
			buildSettings = {
				ARCHS = "$(ARCHS_STANDARD_32_BIT)";
				GCC_C_LANGUAGE_STANDARD = c99;
				GCC_OPTIMIZATION_LEVEL = 0;
				GCC_WARN_ABOUT_RETURN_TYPE = YES;
				GCC_WARN_UNUSED_VARIABLE = YES;
				ONLY_ACTIVE_ARCH = YES;
				PREBINDING = NO;
				SDKROOT = macosx10.5;
			};
			name = Debug;
		};
		C01FCF5008A954540054247B /* Release */ = {
			isa = XCBuildConfiguration;
			buildSettings = {
				ARCHS = "$(ARCHS_STANDARD_32_BIT)";
				GCC_C_LANGUAGE_STANDARD = c99;
				GCC_WARN_ABOUT_RETURN_TYPE = YES;
				GCC_WARN_UNUSED_VARIABLE = YES;
				PREBINDING = NO;
				SDKROOT = macosx10.5;
			};
			name = Release;
		};
		E02B7EB71110BD220057A5FC /* Debug */ = {
			isa = XCBuildConfiguration;
			buildSettings = {
				ALWAYS_SEARCH_USER_PATHS = NO;
				ARCHS = "$(ARCHS_STANDARD_32_64_BIT)";
				COPY_PHASE_STRIP = NO;
				GCC_DYNAMIC_NO_PIC = NO;
				GCC_ENABLE_FIX_AND_CONTINUE = YES;
				GCC_MODEL_TUNING = G5;
				GCC_OPTIMIZATION_LEVEL = 0;
				GCC_PRECOMPILE_PREFIX_HEADER = YES;
				GCC_PREFIX_HEADER = ExampleApp_Prefix.pch;
				INSTALL_PATH = /usr/local/bin;
				ONLY_ACTIVE_ARCH = NO;
				OTHER_LDFLAGS = (
					"-framework",
					Foundation,
				);
				PREBINDING = NO;
				PRODUCT_NAME = ExampleApp;
			};
			name = Debug;
		};
		E02B7EB81110BD220057A5FC /* Release */ = {
			isa = XCBuildConfiguration;
			buildSettings = {
				ALWAYS_SEARCH_USER_PATHS = NO;
				ARCHS = "$(ARCHS_STANDARD_32_64_BIT)";
				COPY_PHASE_STRIP = YES;
				DEBUG_INFORMATION_FORMAT = "dwarf-with-dsym";
				GCC_ENABLE_FIX_AND_CONTINUE = NO;
				GCC_MODEL_TUNING = G5;
				GCC_PRECOMPILE_PREFIX_HEADER = YES;
				GCC_PREFIX_HEADER = ExampleApp_Prefix.pch;
				INSTALL_PATH = /usr/local/bin;
				ONLY_ACTIVE_ARCH = NO;
				OTHER_LDFLAGS = (
					"-framework",
					Foundation,
				);
				PREBINDING = NO;
				PRODUCT_NAME = ExampleApp;
				ZERO_LINK = NO;
			};
			name = Release;
		};
/* End XCBuildConfiguration section */

/* Begin XCConfigurationList section */
		C01FCF4E08A954540054247B /* Build configuration list for PBXProject "LibComponentLogging-LogFile-Example" */ = {
			isa = XCConfigurationList;
			buildConfigurations = (
				C01FCF4F08A954540054247B /* Debug */,
				C01FCF5008A954540054247B /* Release */,
			);
			defaultConfigurationIsVisible = 0;
			defaultConfigurationName = Release;
		};
		E02B7EBD1110BD430057A5FC /* Build configuration list for PBXNativeTarget "ExampleApp" */ = {
			isa = XCConfigurationList;
			buildConfigurations = (
				E02B7EB71110BD220057A5FC /* Debug */,
				E02B7EB81110BD220057A5FC /* Release */,
			);
			defaultConfigurationIsVisible = 0;
			defaultConfigurationName = Release;
		};
/* End XCConfigurationList section */
	};
	rootObject = 29B97313FDCFA39411CA2CEA /* Project object */;
}
